// !$*UTF8*$!
{
	archiveVersion = 1;
	classes = {
	};
	objectVersion = 56;
	objects = {

/* Begin PBXBuildFile section */
		4BD9752B2C2F277B0037FE1A /* JustChatApp.swift in Sources */ = {isa = PBXBuildFile; fileRef = 4BD9752A2C2F277B0037FE1A /* JustChatApp.swift */; };
		4BD9752D2C2F277B0037FE1A /* ContentView.swift in Sources */ = {isa = PBXBuildFile; fileRef = 4BD9752C2C2F277B0037FE1A /* ContentView.swift */; };
		4BD9752F2C2F277C0037FE1A /* Assets.xcassets in Resources */ = {isa = PBXBuildFile; fileRef = 4BD9752E2C2F277C0037FE1A /* Assets.xcassets */; };
		4BD975322C2F277C0037FE1A /* Preview Assets.xcassets in Resources */ = {isa = PBXBuildFile; fileRef = 4BD975312C2F277C0037FE1A /* Preview Assets.xcassets */; };
		4BD9753C2C2F277D0037FE1A /* JustChatTests.swift in Sources */ = {isa = PBXBuildFile; fileRef = 4BD9753B2C2F277D0037FE1A /* JustChatTests.swift */; };
		4BD975462C2F277D0037FE1A /* JustChatUITests.swift in Sources */ = {isa = PBXBuildFile; fileRef = 4BD975452C2F277D0037FE1A /* JustChatUITests.swift */; };
		4BD975482C2F277D0037FE1A /* JustChatUITestsLaunchTests.swift in Sources */ = {isa = PBXBuildFile; fileRef = 4BD975472C2F277D0037FE1A /* JustChatUITestsLaunchTests.swift */; };
		4BD9755D2C2F2B930037FE1A /* LoginView.swift in Sources */ = {isa = PBXBuildFile; fileRef = 4BD9755C2C2F2B930037FE1A /* LoginView.swift */; };
		4BD9755F2C2F37D50037FE1A /* CreateAccountView.swift in Sources */ = {isa = PBXBuildFile; fileRef = 4BD9755E2C2F37D50037FE1A /* CreateAccountView.swift */; };
		4BD975632C2F3CCE0037FE1A /* Fields.swift in Sources */ = {isa = PBXBuildFile; fileRef = 4BD975622C2F3CCE0037FE1A /* Fields.swift */; };
/* End PBXBuildFile section */

/* Begin PBXContainerItemProxy section */
		4BD975382C2F277D0037FE1A /* PBXContainerItemProxy */ = {
			isa = PBXContainerItemProxy;
			containerPortal = 4BD9751F2C2F277B0037FE1A /* Project object */;
			proxyType = 1;
			remoteGlobalIDString = 4BD975262C2F277B0037FE1A;
			remoteInfo = JustChat;
		};
		4BD975422C2F277D0037FE1A /* PBXContainerItemProxy */ = {
			isa = PBXContainerItemProxy;
			containerPortal = 4BD9751F2C2F277B0037FE1A /* Project object */;
			proxyType = 1;
			remoteGlobalIDString = 4BD975262C2F277B0037FE1A;
			remoteInfo = JustChat;
		};
/* End PBXContainerItemProxy section */

/* Begin PBXFileReference section */
		4BD975272C2F277B0037FE1A /* JustChat.app */ = {isa = PBXFileReference; explicitFileType = wrapper.application; includeInIndex = 0; path = JustChat.app; sourceTree = BUILT_PRODUCTS_DIR; };
		4BD9752A2C2F277B0037FE1A /* JustChatApp.swift */ = {isa = PBXFileReference; lastKnownFileType = sourcecode.swift; path = JustChatApp.swift; sourceTree = "<group>"; };
		4BD9752C2C2F277B0037FE1A /* ContentView.swift */ = {isa = PBXFileReference; lastKnownFileType = sourcecode.swift; path = ContentView.swift; sourceTree = "<group>"; };
		4BD9752E2C2F277C0037FE1A /* Assets.xcassets */ = {isa = PBXFileReference; lastKnownFileType = folder.assetcatalog; path = Assets.xcassets; sourceTree = "<group>"; };
		4BD975312C2F277C0037FE1A /* Preview Assets.xcassets */ = {isa = PBXFileReference; lastKnownFileType = folder.assetcatalog; path = "Preview Assets.xcassets"; sourceTree = "<group>"; };
		4BD975372C2F277D0037FE1A /* JustChatTests.xctest */ = {isa = PBXFileReference; explicitFileType = wrapper.cfbundle; includeInIndex = 0; path = JustChatTests.xctest; sourceTree = BUILT_PRODUCTS_DIR; };
		4BD9753B2C2F277D0037FE1A /* JustChatTests.swift */ = {isa = PBXFileReference; lastKnownFileType = sourcecode.swift; path = JustChatTests.swift; sourceTree = "<group>"; };
		4BD975412C2F277D0037FE1A /* JustChatUITests.xctest */ = {isa = PBXFileReference; explicitFileType = wrapper.cfbundle; includeInIndex = 0; path = JustChatUITests.xctest; sourceTree = BUILT_PRODUCTS_DIR; };
		4BD975452C2F277D0037FE1A /* JustChatUITests.swift */ = {isa = PBXFileReference; lastKnownFileType = sourcecode.swift; path = JustChatUITests.swift; sourceTree = "<group>"; };
		4BD975472C2F277D0037FE1A /* JustChatUITestsLaunchTests.swift */ = {isa = PBXFileReference; lastKnownFileType = sourcecode.swift; path = JustChatUITestsLaunchTests.swift; sourceTree = "<group>"; };
		4BD9755C2C2F2B930037FE1A /* LoginView.swift */ = {isa = PBXFileReference; lastKnownFileType = sourcecode.swift; path = LoginView.swift; sourceTree = "<group>"; };
		4BD9755E2C2F37D50037FE1A /* CreateAccountView.swift */ = {isa = PBXFileReference; lastKnownFileType = sourcecode.swift; path = CreateAccountView.swift; sourceTree = "<group>"; };
		4BD975622C2F3CCE0037FE1A /* Fields.swift */ = {isa = PBXFileReference; lastKnownFileType = sourcecode.swift; path = Fields.swift; sourceTree = "<group>"; };
/* End PBXFileReference section */

/* Begin PBXFrameworksBuildPhase section */
		4BD975242C2F277B0037FE1A /* Frameworks */ = {
			isa = PBXFrameworksBuildPhase;
			buildActionMask = 2147483647;
			files = (
			);
			runOnlyForDeploymentPostprocessing = 0;
		};
		4BD975342C2F277D0037FE1A /* Frameworks */ = {
			isa = PBXFrameworksBuildPhase;
			buildActionMask = 2147483647;
			files = (
			);
			runOnlyForDeploymentPostprocessing = 0;
		};
		4BD9753E2C2F277D0037FE1A /* Frameworks */ = {
			isa = PBXFrameworksBuildPhase;
			buildActionMask = 2147483647;
			files = (
			);
			runOnlyForDeploymentPostprocessing = 0;
		};
/* End PBXFrameworksBuildPhase section */

/* Begin PBXGroup section */
		4BD9751E2C2F277B0037FE1A = {
			isa = PBXGroup;
			children = (
				4BD975292C2F277B0037FE1A /* JustChat */,
				4BD9753A2C2F277D0037FE1A /* JustChatTests */,
				4BD975442C2F277D0037FE1A /* JustChatUITests */,
				4BD975282C2F277B0037FE1A /* Products */,
			);
			sourceTree = "<group>";
		};
		4BD975282C2F277B0037FE1A /* Products */ = {
			isa = PBXGroup;
			children = (
				4BD975272C2F277B0037FE1A /* JustChat.app */,
				4BD975372C2F277D0037FE1A /* JustChatTests.xctest */,
				4BD975412C2F277D0037FE1A /* JustChatUITests.xctest */,
			);
			name = Products;
			sourceTree = "<group>";
		};
		4BD975292C2F277B0037FE1A /* JustChat */ = {
			isa = PBXGroup;
			children = (
				4BD9752A2C2F277B0037FE1A /* JustChatApp.swift */,
				4BD9752C2C2F277B0037FE1A /* ContentView.swift */,
				4BD975542C2F2A160037FE1A /* Model */,
				4BD975552C2F2A220037FE1A /* View */,
				4BD975562C2F2A270037FE1A /* ViewModel */,
				4BD975592C2F2A4F0037FE1A /* Resources */,
				4BD975582C2F2A470037FE1A /* Utils */,
				4BD975572C2F2A350037FE1A /* Services */,
				4BD9752E2C2F277C0037FE1A /* Assets.xcassets */,
				4BD975302C2F277C0037FE1A /* Preview Content */,
			);
			path = JustChat;
			sourceTree = "<group>";
		};
		4BD975302C2F277C0037FE1A /* Preview Content */ = {
			isa = PBXGroup;
			children = (
				4BD975312C2F277C0037FE1A /* Preview Assets.xcassets */,
			);
			path = "Preview Content";
			sourceTree = "<group>";
		};
		4BD9753A2C2F277D0037FE1A /* JustChatTests */ = {
			isa = PBXGroup;
			children = (
				4BD9753B2C2F277D0037FE1A /* JustChatTests.swift */,
			);
			path = JustChatTests;
			sourceTree = "<group>";
		};
		4BD975442C2F277D0037FE1A /* JustChatUITests */ = {
			isa = PBXGroup;
			children = (
				4BD975452C2F277D0037FE1A /* JustChatUITests.swift */,
				4BD975472C2F277D0037FE1A /* JustChatUITestsLaunchTests.swift */,
			);
			path = JustChatUITests;
			sourceTree = "<group>";
		};
		4BD975542C2F2A160037FE1A /* Model */ = {
			isa = PBXGroup;
			children = (
			);
			path = Model;
			sourceTree = "<group>";
		};
		4BD975552C2F2A220037FE1A /* View */ = {
			isa = PBXGroup;
			children = (
				4BD975602C2F3B9B0037FE1A /* Login&CreateAccount */,
			);
			path = View;
			sourceTree = "<group>";
		};
		4BD975562C2F2A270037FE1A /* ViewModel */ = {
			isa = PBXGroup;
			children = (
			);
			path = ViewModel;
			sourceTree = "<group>";
		};
		4BD975572C2F2A350037FE1A /* Services */ = {
			isa = PBXGroup;
			children = (
			);
			path = Services;
			sourceTree = "<group>";
		};
		4BD975582C2F2A470037FE1A /* Utils */ = {
			isa = PBXGroup;
			children = (
			);
			path = Utils;
			sourceTree = "<group>";
		};
		4BD975592C2F2A4F0037FE1A /* Resources */ = {
			isa = PBXGroup;
			children = (
			);
			path = Resources;
			sourceTree = "<group>";
		};
		4BD9755A2C2F2B6A0037FE1A /* LoginView */ = {
			isa = PBXGroup;
			children = (
				4BD9755C2C2F2B930037FE1A /* LoginView.swift */,
			);
			path = LoginView;
			sourceTree = "<group>";
		};
		4BD9755B2C2F2B760037FE1A /* CreateAccountView */ = {
			isa = PBXGroup;
			children = (
				4BD9755E2C2F37D50037FE1A /* CreateAccountView.swift */,
			);
			path = CreateAccountView;
			sourceTree = "<group>";
		};
		4BD975602C2F3B9B0037FE1A /* Login&CreateAccount */ = {
			isa = PBXGroup;
			children = (
				4BD9755A2C2F2B6A0037FE1A /* LoginView */,
				4BD9755B2C2F2B760037FE1A /* CreateAccountView */,
				4BD975612C2F3C940037FE1A /* Components */,
			);
			path = "Login&CreateAccount";
			sourceTree = "<group>";
		};
		4BD975612C2F3C940037FE1A /* Components */ = {
			isa = PBXGroup;
			children = (
				4BD975622C2F3CCE0037FE1A /* Fields.swift */,
			);
			path = Components;
			sourceTree = "<group>";
		};
/* End PBXGroup section */

/* Begin PBXNativeTarget section */
		4BD975262C2F277B0037FE1A /* JustChat */ = {
			isa = PBXNativeTarget;
			buildConfigurationList = 4BD9754B2C2F277D0037FE1A /* Build configuration list for PBXNativeTarget "JustChat" */;
			buildPhases = (
				4BD975232C2F277B0037FE1A /* Sources */,
				4BD975242C2F277B0037FE1A /* Frameworks */,
				4BD975252C2F277B0037FE1A /* Resources */,
			);
			buildRules = (
			);
			dependencies = (
			);
			name = JustChat;
			productName = JustChat;
			productReference = 4BD975272C2F277B0037FE1A /* JustChat.app */;
			productType = "com.apple.product-type.application";
		};
		4BD975362C2F277D0037FE1A /* JustChatTests */ = {
			isa = PBXNativeTarget;
			buildConfigurationList = 4BD9754E2C2F277D0037FE1A /* Build configuration list for PBXNativeTarget "JustChatTests" */;
			buildPhases = (
				4BD975332C2F277D0037FE1A /* Sources */,
				4BD975342C2F277D0037FE1A /* Frameworks */,
				4BD975352C2F277D0037FE1A /* Resources */,
			);
			buildRules = (
			);
			dependencies = (
				4BD975392C2F277D0037FE1A /* PBXTargetDependency */,
			);
			name = JustChatTests;
			productName = JustChatTests;
			productReference = 4BD975372C2F277D0037FE1A /* JustChatTests.xctest */;
			productType = "com.apple.product-type.bundle.unit-test";
		};
		4BD975402C2F277D0037FE1A /* JustChatUITests */ = {
			isa = PBXNativeTarget;
			buildConfigurationList = 4BD975512C2F277D0037FE1A /* Build configuration list for PBXNativeTarget "JustChatUITests" */;
			buildPhases = (
				4BD9753D2C2F277D0037FE1A /* Sources */,
				4BD9753E2C2F277D0037FE1A /* Frameworks */,
				4BD9753F2C2F277D0037FE1A /* Resources */,
			);
			buildRules = (
			);
			dependencies = (
				4BD975432C2F277D0037FE1A /* PBXTargetDependency */,
			);
			name = JustChatUITests;
			productName = JustChatUITests;
			productReference = 4BD975412C2F277D0037FE1A /* JustChatUITests.xctest */;
			productType = "com.apple.product-type.bundle.ui-testing";
		};
/* End PBXNativeTarget section */

/* Begin PBXProject section */
		4BD9751F2C2F277B0037FE1A /* Project object */ = {
			isa = PBXProject;
			attributes = {
				BuildIndependentTargetsInParallel = 1;
				LastSwiftUpdateCheck = 1540;
				LastUpgradeCheck = 1540;
				TargetAttributes = {
					4BD975262C2F277B0037FE1A = {
						CreatedOnToolsVersion = 15.4;
					};
					4BD975362C2F277D0037FE1A = {
						CreatedOnToolsVersion = 15.4;
						TestTargetID = 4BD975262C2F277B0037FE1A;
					};
					4BD975402C2F277D0037FE1A = {
						CreatedOnToolsVersion = 15.4;
						TestTargetID = 4BD975262C2F277B0037FE1A;
					};
				};
			};
			buildConfigurationList = 4BD975222C2F277B0037FE1A /* Build configuration list for PBXProject "JustChat" */;
			compatibilityVersion = "Xcode 14.0";
			developmentRegion = en;
			hasScannedForEncodings = 0;
			knownRegions = (
				en,
				Base,
			);
			mainGroup = 4BD9751E2C2F277B0037FE1A;
			productRefGroup = 4BD975282C2F277B0037FE1A /* Products */;
			projectDirPath = "";
			projectRoot = "";
			targets = (
				4BD975262C2F277B0037FE1A /* JustChat */,
				4BD975362C2F277D0037FE1A /* JustChatTests */,
				4BD975402C2F277D0037FE1A /* JustChatUITests */,
			);
		};
/* End PBXProject section */

/* Begin PBXResourcesBuildPhase section */
		4BD975252C2F277B0037FE1A /* Resources */ = {
			isa = PBXResourcesBuildPhase;
			buildActionMask = 2147483647;
			files = (
				4BD975322C2F277C0037FE1A /* Preview Assets.xcassets in Resources */,
				4BD9752F2C2F277C0037FE1A /* Assets.xcassets in Resources */,
			);
			runOnlyForDeploymentPostprocessing = 0;
		};
		4BD975352C2F277D0037FE1A /* Resources */ = {
			isa = PBXResourcesBuildPhase;
			buildActionMask = 2147483647;
			files = (
			);
			runOnlyForDeploymentPostprocessing = 0;
		};
		4BD9753F2C2F277D0037FE1A /* Resources */ = {
			isa = PBXResourcesBuildPhase;
			buildActionMask = 2147483647;
			files = (
			);
			runOnlyForDeploymentPostprocessing = 0;
		};
/* End PBXResourcesBuildPhase section */

/* Begin PBXSourcesBuildPhase section */
		4BD975232C2F277B0037FE1A /* Sources */ = {
			isa = PBXSourcesBuildPhase;
			buildActionMask = 2147483647;
			files = (
				4BD975632C2F3CCE0037FE1A /* Fields.swift in Sources */,
				4BD9755D2C2F2B930037FE1A /* LoginView.swift in Sources */,
				4BD9752D2C2F277B0037FE1A /* ContentView.swift in Sources */,
				4BD9755F2C2F37D50037FE1A /* CreateAccountView.swift in Sources */,
				4BD9752B2C2F277B0037FE1A /* JustChatApp.swift in Sources */,
			);
			runOnlyForDeploymentPostprocessing = 0;
		};
		4BD975332C2F277D0037FE1A /* Sources */ = {
			isa = PBXSourcesBuildPhase;
			buildActionMask = 2147483647;
			files = (
				4BD9753C2C2F277D0037FE1A /* JustChatTests.swift in Sources */,
			);
			runOnlyForDeploymentPostprocessing = 0;
		};
		4BD9753D2C2F277D0037FE1A /* Sources */ = {
			isa = PBXSourcesBuildPhase;
			buildActionMask = 2147483647;
			files = (
				4BD975482C2F277D0037FE1A /* JustChatUITestsLaunchTests.swift in Sources */,
				4BD975462C2F277D0037FE1A /* JustChatUITests.swift in Sources */,
			);
			runOnlyForDeploymentPostprocessing = 0;
		};
/* End PBXSourcesBuildPhase section */

/* Begin PBXTargetDependency section */
		4BD975392C2F277D0037FE1A /* PBXTargetDependency */ = {
			isa = PBXTargetDependency;
			target = 4BD975262C2F277B0037FE1A /* JustChat */;
			targetProxy = 4BD975382C2F277D0037FE1A /* PBXContainerItemProxy */;
		};
		4BD975432C2F277D0037FE1A /* PBXTargetDependency */ = {
			isa = PBXTargetDependency;
			target = 4BD975262C2F277B0037FE1A /* JustChat */;
			targetProxy = 4BD975422C2F277D0037FE1A /* PBXContainerItemProxy */;
		};
/* End PBXTargetDependency section */

/* Begin XCBuildConfiguration section */
		4BD975492C2F277D0037FE1A /* Debug */ = {
			isa = XCBuildConfiguration;
			buildSettings = {
				ALWAYS_SEARCH_USER_PATHS = NO;
				ASSETCATALOG_COMPILER_GENERATE_SWIFT_ASSET_SYMBOL_EXTENSIONS = YES;
				CLANG_ANALYZER_NONNULL = YES;
				CLANG_ANALYZER_NUMBER_OBJECT_CONVERSION = YES_AGGRESSIVE;
				CLANG_CXX_LANGUAGE_STANDARD = "gnu++20";
				CLANG_ENABLE_MODULES = YES;
				CLANG_ENABLE_OBJC_ARC = YES;
				CLANG_ENABLE_OBJC_WEAK = YES;
				CLANG_WARN_BLOCK_CAPTURE_AUTORELEASING = YES;
				CLANG_WARN_BOOL_CONVERSION = YES;
				CLANG_WARN_COMMA = YES;
				CLANG_WARN_CONSTANT_CONVERSION = YES;
				CLANG_WARN_DEPRECATED_OBJC_IMPLEMENTATIONS = YES;
				CLANG_WARN_DIRECT_OBJC_ISA_USAGE = YES_ERROR;
				CLANG_WARN_DOCUMENTATION_COMMENTS = YES;
				CLANG_WARN_EMPTY_BODY = YES;
				CLANG_WARN_ENUM_CONVERSION = YES;
				CLANG_WARN_INFINITE_RECURSION = YES;
				CLANG_WARN_INT_CONVERSION = YES;
				CLANG_WARN_NON_LITERAL_NULL_CONVERSION = YES;
				CLANG_WARN_OBJC_IMPLICIT_RETAIN_SELF = YES;
				CLANG_WARN_OBJC_LITERAL_CONVERSION = YES;
				CLANG_WARN_OBJC_ROOT_CLASS = YES_ERROR;
				CLANG_WARN_QUOTED_INCLUDE_IN_FRAMEWORK_HEADER = YES;
				CLANG_WARN_RANGE_LOOP_ANALYSIS = YES;
				CLANG_WARN_STRICT_PROTOTYPES = YES;
				CLANG_WARN_SUSPICIOUS_MOVE = YES;
				CLANG_WARN_UNGUARDED_AVAILABILITY = YES_AGGRESSIVE;
				CLANG_WARN_UNREACHABLE_CODE = YES;
				CLANG_WARN__DUPLICATE_METHOD_MATCH = YES;
				COPY_PHASE_STRIP = NO;
				DEBUG_INFORMATION_FORMAT = dwarf;
				ENABLE_STRICT_OBJC_MSGSEND = YES;
				ENABLE_TESTABILITY = YES;
				ENABLE_USER_SCRIPT_SANDBOXING = YES;
				GCC_C_LANGUAGE_STANDARD = gnu17;
				GCC_DYNAMIC_NO_PIC = NO;
				GCC_NO_COMMON_BLOCKS = YES;
				GCC_OPTIMIZATION_LEVEL = 0;
				GCC_PREPROCESSOR_DEFINITIONS = (
					"DEBUG=1",
					"$(inherited)",
				);
				GCC_WARN_64_TO_32_BIT_CONVERSION = YES;
				GCC_WARN_ABOUT_RETURN_TYPE = YES_ERROR;
				GCC_WARN_UNDECLARED_SELECTOR = YES;
				GCC_WARN_UNINITIALIZED_AUTOS = YES_AGGRESSIVE;
				GCC_WARN_UNUSED_FUNCTION = YES;
				GCC_WARN_UNUSED_VARIABLE = YES;
				IPHONEOS_DEPLOYMENT_TARGET = 17.5;
				LOCALIZATION_PREFERS_STRING_CATALOGS = YES;
				MTL_ENABLE_DEBUG_INFO = INCLUDE_SOURCE;
				MTL_FAST_MATH = YES;
				ONLY_ACTIVE_ARCH = YES;
				SDKROOT = iphoneos;
				SWIFT_ACTIVE_COMPILATION_CONDITIONS = "DEBUG $(inherited)";
				SWIFT_OPTIMIZATION_LEVEL = "-Onone";
			};
			name = Debug;
		};
		4BD9754A2C2F277D0037FE1A /* Release */ = {
			isa = XCBuildConfiguration;
			buildSettings = {
				ALWAYS_SEARCH_USER_PATHS = NO;
				ASSETCATALOG_COMPILER_GENERATE_SWIFT_ASSET_SYMBOL_EXTENSIONS = YES;
				CLANG_ANALYZER_NONNULL = YES;
				CLANG_ANALYZER_NUMBER_OBJECT_CONVERSION = YES_AGGRESSIVE;
				CLANG_CXX_LANGUAGE_STANDARD = "gnu++20";
				CLANG_ENABLE_MODULES = YES;
				CLANG_ENABLE_OBJC_ARC = YES;
				CLANG_ENABLE_OBJC_WEAK = YES;
				CLANG_WARN_BLOCK_CAPTURE_AUTORELEASING = YES;
				CLANG_WARN_BOOL_CONVERSION = YES;
				CLANG_WARN_COMMA = YES;
				CLANG_WARN_CONSTANT_CONVERSION = YES;
				CLANG_WARN_DEPRECATED_OBJC_IMPLEMENTATIONS = YES;
				CLANG_WARN_DIRECT_OBJC_ISA_USAGE = YES_ERROR;
				CLANG_WARN_DOCUMENTATION_COMMENTS = YES;
				CLANG_WARN_EMPTY_BODY = YES;
				CLANG_WARN_ENUM_CONVERSION = YES;
				CLANG_WARN_INFINITE_RECURSION = YES;
				CLANG_WARN_INT_CONVERSION = YES;
				CLANG_WARN_NON_LITERAL_NULL_CONVERSION = YES;
				CLANG_WARN_OBJC_IMPLICIT_RETAIN_SELF = YES;
				CLANG_WARN_OBJC_LITERAL_CONVERSION = YES;
				CLANG_WARN_OBJC_ROOT_CLASS = YES_ERROR;
				CLANG_WARN_QUOTED_INCLUDE_IN_FRAMEWORK_HEADER = YES;
				CLANG_WARN_RANGE_LOOP_ANALYSIS = YES;
				CLANG_WARN_STRICT_PROTOTYPES = YES;
				CLANG_WARN_SUSPICIOUS_MOVE = YES;
				CLANG_WARN_UNGUARDED_AVAILABILITY = YES_AGGRESSIVE;
				CLANG_WARN_UNREACHABLE_CODE = YES;
				CLANG_WARN__DUPLICATE_METHOD_MATCH = YES;
				COPY_PHASE_STRIP = NO;
				DEBUG_INFORMATION_FORMAT = "dwarf-with-dsym";
				ENABLE_NS_ASSERTIONS = NO;
				ENABLE_STRICT_OBJC_MSGSEND = YES;
				ENABLE_USER_SCRIPT_SANDBOXING = YES;
				GCC_C_LANGUAGE_STANDARD = gnu17;
				GCC_NO_COMMON_BLOCKS = YES;
				GCC_WARN_64_TO_32_BIT_CONVERSION = YES;
				GCC_WARN_ABOUT_RETURN_TYPE = YES_ERROR;
				GCC_WARN_UNDECLARED_SELECTOR = YES;
				GCC_WARN_UNINITIALIZED_AUTOS = YES_AGGRESSIVE;
				GCC_WARN_UNUSED_FUNCTION = YES;
				GCC_WARN_UNUSED_VARIABLE = YES;
				IPHONEOS_DEPLOYMENT_TARGET = 17.5;
				LOCALIZATION_PREFERS_STRING_CATALOGS = YES;
				MTL_ENABLE_DEBUG_INFO = NO;
				MTL_FAST_MATH = YES;
				SDKROOT = iphoneos;
				SWIFT_COMPILATION_MODE = wholemodule;
				VALIDATE_PRODUCT = YES;
			};
			name = Release;
		};
		4BD9754C2C2F277D0037FE1A /* Debug */ = {
			isa = XCBuildConfiguration;
			buildSettings = {
				ASSETCATALOG_COMPILER_APPICON_NAME = AppIcon;
				ASSETCATALOG_COMPILER_GLOBAL_ACCENT_COLOR_NAME = AccentColor;
				CODE_SIGN_STYLE = Automatic;
				CURRENT_PROJECT_VERSION = 1;
				DEVELOPMENT_ASSET_PATHS = "\"JustChat/Preview Content\"";
				DEVELOPMENT_TEAM = QT3T249ZHN;
				ENABLE_PREVIEWS = YES;
				GENERATE_INFOPLIST_FILE = YES;
				INFOPLIST_KEY_UIApplicationSceneManifest_Generation = YES;
				INFOPLIST_KEY_UIApplicationSupportsIndirectInputEvents = YES;
				INFOPLIST_KEY_UILaunchScreen_Generation = YES;
				INFOPLIST_KEY_UISupportedInterfaceOrientations_iPad = "UIInterfaceOrientationPortrait UIInterfaceOrientationPortraitUpsideDown UIInterfaceOrientationLandscapeLeft UIInterfaceOrientationLandscapeRight";
				INFOPLIST_KEY_UISupportedInterfaceOrientations_iPhone = "UIInterfaceOrientationPortrait UIInterfaceOrientationLandscapeLeft UIInterfaceOrientationLandscapeRight";
				LD_RUNPATH_SEARCH_PATHS = (
					"$(inherited)",
					"@executable_path/Frameworks",
				);
				MARKETING_VERSION = 1.0;
				PRODUCT_BUNDLE_IDENTIFIER = main.JustChat;
				PRODUCT_NAME = "$(TARGET_NAME)";
				SWIFT_EMIT_LOC_STRINGS = YES;
				SWIFT_VERSION = 5.0;
				TARGETED_DEVICE_FAMILY = "1,2";
			};
			name = Debug;
		};
		4BD9754D2C2F277D0037FE1A /* Release */ = {
			isa = XCBuildConfiguration;
			buildSettings = {
				ASSETCATALOG_COMPILER_APPICON_NAME = AppIcon;
				ASSETCATALOG_COMPILER_GLOBAL_ACCENT_COLOR_NAME = AccentColor;
				CODE_SIGN_STYLE = Automatic;
				CURRENT_PROJECT_VERSION = 1;
				DEVELOPMENT_ASSET_PATHS = "\"JustChat/Preview Content\"";
				DEVELOPMENT_TEAM = QT3T249ZHN;
				ENABLE_PREVIEWS = YES;
				GENERATE_INFOPLIST_FILE = YES;
				INFOPLIST_KEY_UIApplicationSceneManifest_Generation = YES;
				INFOPLIST_KEY_UIApplicationSupportsIndirectInputEvents = YES;
				INFOPLIST_KEY_UILaunchScreen_Generation = YES;
				INFOPLIST_KEY_UISupportedInterfaceOrientations_iPad = "UIInterfaceOrientationPortrait UIInterfaceOrientationPortraitUpsideDown UIInterfaceOrientationLandscapeLeft UIInterfaceOrientationLandscapeRight";
				INFOPLIST_KEY_UISupportedInterfaceOrientations_iPhone = "UIInterfaceOrientationPortrait UIInterfaceOrientationLandscapeLeft UIInterfaceOrientationLandscapeRight";
				LD_RUNPATH_SEARCH_PATHS = (
					"$(inherited)",
					"@executable_path/Frameworks",
				);
				MARKETING_VERSION = 1.0;
				PRODUCT_BUNDLE_IDENTIFIER = main.JustChat;
				PRODUCT_NAME = "$(TARGET_NAME)";
				SWIFT_EMIT_LOC_STRINGS = YES;
				SWIFT_VERSION = 5.0;
				TARGETED_DEVICE_FAMILY = "1,2";
			};
			name = Release;
		};
		4BD9754F2C2F277D0037FE1A /* Debug */ = {
			isa = XCBuildConfiguration;
			buildSettings = {
				ALWAYS_EMBED_SWIFT_STANDARD_LIBRARIES = YES;
				BUNDLE_LOADER = "$(TEST_HOST)";
				CODE_SIGN_STYLE = Automatic;
				CURRENT_PROJECT_VERSION = 1;
				DEVELOPMENT_TEAM = QT3T249ZHN;
				GENERATE_INFOPLIST_FILE = YES;
				IPHONEOS_DEPLOYMENT_TARGET = 17.5;
				MARKETING_VERSION = 1.0;
				PRODUCT_BUNDLE_IDENTIFIER = main.JustChatTests;
				PRODUCT_NAME = "$(TARGET_NAME)";
				SWIFT_EMIT_LOC_STRINGS = NO;
				SWIFT_VERSION = 5.0;
				TARGETED_DEVICE_FAMILY = "1,2";
				TEST_HOST = "$(BUILT_PRODUCTS_DIR)/JustChat.app/$(BUNDLE_EXECUTABLE_FOLDER_PATH)/JustChat";
			};
			name = Debug;
		};
		4BD975502C2F277D0037FE1A /* Release */ = {
			isa = XCBuildConfiguration;
			buildSettings = {
				ALWAYS_EMBED_SWIFT_STANDARD_LIBRARIES = YES;
				BUNDLE_LOADER = "$(TEST_HOST)";
				CODE_SIGN_STYLE = Automatic;
				CURRENT_PROJECT_VERSION = 1;
				DEVELOPMENT_TEAM = QT3T249ZHN;
				GENERATE_INFOPLIST_FILE = YES;
				IPHONEOS_DEPLOYMENT_TARGET = 17.5;
				MARKETING_VERSION = 1.0;
				PRODUCT_BUNDLE_IDENTIFIER = main.JustChatTests;
				PRODUCT_NAME = "$(TARGET_NAME)";
				SWIFT_EMIT_LOC_STRINGS = NO;
				SWIFT_VERSION = 5.0;
				TARGETED_DEVICE_FAMILY = "1,2";
				TEST_HOST = "$(BUILT_PRODUCTS_DIR)/JustChat.app/$(BUNDLE_EXECUTABLE_FOLDER_PATH)/JustChat";
			};
			name = Release;
		};
		4BD975522C2F277D0037FE1A /* Debug */ = {
			isa = XCBuildConfiguration;
			buildSettings = {
				ALWAYS_EMBED_SWIFT_STANDARD_LIBRARIES = YES;
				CODE_SIGN_STYLE = Automatic;
				CURRENT_PROJECT_VERSION = 1;
				DEVELOPMENT_TEAM = QT3T249ZHN;
				GENERATE_INFOPLIST_FILE = YES;
				MARKETING_VERSION = 1.0;
				PRODUCT_BUNDLE_IDENTIFIER = main.JustChatUITests;
				PRODUCT_NAME = "$(TARGET_NAME)";
				SWIFT_EMIT_LOC_STRINGS = NO;
				SWIFT_VERSION = 5.0;
				TARGETED_DEVICE_FAMILY = "1,2";
				TEST_TARGET_NAME = JustChat;
			};
			name = Debug;
		};
		4BD975532C2F277D0037FE1A /* Release */ = {
			isa = XCBuildConfiguration;
			buildSettings = {
				ALWAYS_EMBED_SWIFT_STANDARD_LIBRARIES = YES;
				CODE_SIGN_STYLE = Automatic;
				CURRENT_PROJECT_VERSION = 1;
				DEVELOPMENT_TEAM = QT3T249ZHN;
				GENERATE_INFOPLIST_FILE = YES;
				MARKETING_VERSION = 1.0;
				PRODUCT_BUNDLE_IDENTIFIER = main.JustChatUITests;
				PRODUCT_NAME = "$(TARGET_NAME)";
				SWIFT_EMIT_LOC_STRINGS = NO;
				SWIFT_VERSION = 5.0;
				TARGETED_DEVICE_FAMILY = "1,2";
				TEST_TARGET_NAME = JustChat;
			};
			name = Release;
		};
/* End XCBuildConfiguration section */

/* Begin XCConfigurationList section */
		4BD975222C2F277B0037FE1A /* Build configuration list for PBXProject "JustChat" */ = {
			isa = XCConfigurationList;
			buildConfigurations = (
				4BD975492C2F277D0037FE1A /* Debug */,
				4BD9754A2C2F277D0037FE1A /* Release */,
			);
			defaultConfigurationIsVisible = 0;
			defaultConfigurationName = Release;
		};
		4BD9754B2C2F277D0037FE1A /* Build configuration list for PBXNativeTarget "JustChat" */ = {
			isa = XCConfigurationList;
			buildConfigurations = (
				4BD9754C2C2F277D0037FE1A /* Debug */,
				4BD9754D2C2F277D0037FE1A /* Release */,
			);
			defaultConfigurationIsVisible = 0;
			defaultConfigurationName = Release;
		};
		4BD9754E2C2F277D0037FE1A /* Build configuration list for PBXNativeTarget "JustChatTests" */ = {
			isa = XCConfigurationList;
			buildConfigurations = (
				4BD9754F2C2F277D0037FE1A /* Debug */,
				4BD975502C2F277D0037FE1A /* Release */,
			);
			defaultConfigurationIsVisible = 0;
			defaultConfigurationName = Release;
		};
		4BD975512C2F277D0037FE1A /* Build configuration list for PBXNativeTarget "JustChatUITests" */ = {
			isa = XCConfigurationList;
			buildConfigurations = (
				4BD975522C2F277D0037FE1A /* Debug */,
				4BD975532C2F277D0037FE1A /* Release */,
			);
			defaultConfigurationIsVisible = 0;
			defaultConfigurationName = Release;
		};
/* End XCConfigurationList section */
	};
	rootObject = 4BD9751F2C2F277B0037FE1A /* Project object */;
}
